
Microsoft Visual Studio Solution File, Format Version 12.00
# Visual Studio Version 17
VisualStudioVersion = 17.8.34330.188
MinimumVisualStudioVersion = 10.0.40219.1
Project("{FAE04EC0-301F-11D3-BF4B-00C04F79EFBC}") = "Tetris", "Tetris.csproj", "{BFEF8989-8394-47B4-8CB1-1F7FECE6D31C}"
EndProject
Global
	GlobalSection(SolutionConfigurationPlatforms) = preSolution
		Debug|Any CPU = Debug|Any CPU
		Release|Any CPU = Release|Any CPU
	EndGlobalSection
	GlobalSection(ProjectConfigurationPlatforms) = postSolution
		{BFEF8989-8394-47B4-8CB1-1F7FECE6D31C}.Debug|Any CPU.ActiveCfg = Debug|Any CPU
		{BFEF8989-8394-47B4-8CB1-1F7FECE6D31C}.Debug|Any CPU.Build.0 = Debug|Any CPU
		{BFEF8989-8394-47B4-8CB1-1F7FECE6D31C}.Release|Any CPU.ActiveCfg = Release|Any CPU
		{BFEF8989-8394-47B4-8CB1-1F7FECE6D31C}.Release|Any CPU.Build.0 = Release|Any CPU
	EndGlobalSection
	GlobalSection(SolutionProperties) = preSolution
		HideSolutionNode = FALSE
	EndGlobalSection
	GlobalSection(ExtensibilityGlobals) = postSolution
		SolutionGuid = {3C32280F-B108-4AAD-A97F-57EC8F83EFC1}
	EndGlobalSection
EndGlobal
